
Microsoft Visual Studio Solution File, Format Version 12.00
# Visual Studio Version 16
VisualStudioVersion = 16.0.29911.84
MinimumVisualStudioVersion = 10.0.40219.1
Project("{FAE04EC0-301F-11D3-BF4B-00C04F79EFBC}") = "Practica_UI", "Practica_UI\Practica_UI.csproj", "{2CB5657E-7221-43E9-899F-A482109BC144}"
EndProject
Global
	GlobalSection(SolutionConfigurationPlatforms) = preSolution
		Debug|Any CPU = Debug|Any CPU
		Release|Any CPU = Release|Any CPU
	EndGlobalSection
	GlobalSection(ProjectConfigurationPlatforms) = postSolution
		{2CB5657E-7221-43E9-899F-A482109BC144}.Debug|Any CPU.ActiveCfg = Debug|Any CPU
		{2CB5657E-7221-43E9-899F-A482109BC144}.Debug|Any CPU.Build.0 = Debug|Any CPU
		{2CB5657E-7221-43E9-899F-A482109BC144}.Release|Any CPU.ActiveCfg = Release|Any CPU
		{2CB5657E-7221-43E9-899F-A482109BC144}.Release|Any CPU.Build.0 = Release|Any CPU
	EndGlobalSection
	GlobalSection(SolutionProperties) = preSolution
		HideSolutionNode = FALSE
	EndGlobalSection
	GlobalSection(ExtensibilityGlobals) = postSolution
		SolutionGuid = {757E7DD8-3DCA-4404-A079-90F860BEDFCE}
	EndGlobalSection
EndGlobal
